
Microsoft Visual Studio Solution File, Format Version 12.00
# Visual Studio Version 16
VisualStudioVersion = 16.0.29509.3
MinimumVisualStudioVersion = 10.0.40219.1
Project("{9A19103F-16F7-4668-BE54-9A1E7A4F7556}") = "MVP.Data", "Data\MVP.Data.csproj", "{F8763074-2A01-495E-A822-EA1A8B177E7F}"
EndProject
Project("{9A19103F-16F7-4668-BE54-9A1E7A4F7556}") = "MVP.Services", "MVP.Services\MVP.Services.csproj", "{0063D41A-88CA-4760-A644-15FFFD041CBE}"
EndProject
Project("{9A19103F-16F7-4668-BE54-9A1E7A4F7556}") = "MVP.InitializeDataBase", "MVP.InitializeDataBase\MVP.InitializeDataBase.csproj", "{9EF22CD5-C2AC-44E8-AD17-31765294A194}"
EndProject
Project("{9A19103F-16F7-4668-BE54-9A1E7A4F7556}") = "MVP.API", "MVP.API\MVP.API.csproj", "{E4410BCA-D295-43E7-A924-6532C235E794}"
EndProject
Project("{FAE04EC0-301F-11D3-BF4B-00C04F79EFBC}") = "MVP.Test", "MVP.Test\MVP.Test.csproj", "{7BD4A5EB-E338-4838-8A19-A9984899FE10}"
EndProject
Global
	GlobalSection(SolutionConfigurationPlatforms) = preSolution
		Debug|Any CPU = Debug|Any CPU
		Release|Any CPU = Release|Any CPU
	EndGlobalSection
	GlobalSection(ProjectConfigurationPlatforms) = postSolution
		{F8763074-2A01-495E-A822-EA1A8B177E7F}.Debug|Any CPU.ActiveCfg = Debug|Any CPU
		{F8763074-2A01-495E-A822-EA1A8B177E7F}.Debug|Any CPU.Build.0 = Debug|Any CPU
		{F8763074-2A01-495E-A822-EA1A8B177E7F}.Release|Any CPU.ActiveCfg = Release|Any CPU
		{F8763074-2A01-495E-A822-EA1A8B177E7F}.Release|Any CPU.Build.0 = Release|Any CPU
		{0063D41A-88CA-4760-A644-15FFFD041CBE}.Debug|Any CPU.ActiveCfg = Debug|Any CPU
		{0063D41A-88CA-4760-A644-15FFFD041CBE}.Debug|Any CPU.Build.0 = Debug|Any CPU
		{0063D41A-88CA-4760-A644-15FFFD041CBE}.Release|Any CPU.ActiveCfg = Release|Any CPU
		{0063D41A-88CA-4760-A644-15FFFD041CBE}.Release|Any CPU.Build.0 = Release|Any CPU
		{9EF22CD5-C2AC-44E8-AD17-31765294A194}.Debug|Any CPU.ActiveCfg = Debug|Any CPU
		{9EF22CD5-C2AC-44E8-AD17-31765294A194}.Debug|Any CPU.Build.0 = Debug|Any CPU
		{9EF22CD5-C2AC-44E8-AD17-31765294A194}.Release|Any CPU.ActiveCfg = Release|Any CPU
		{9EF22CD5-C2AC-44E8-AD17-31765294A194}.Release|Any CPU.Build.0 = Release|Any CPU
		{E4410BCA-D295-43E7-A924-6532C235E794}.Debug|Any CPU.ActiveCfg = Debug|Any CPU
		{E4410BCA-D295-43E7-A924-6532C235E794}.Debug|Any CPU.Build.0 = Debug|Any CPU
		{E4410BCA-D295-43E7-A924-6532C235E794}.Release|Any CPU.ActiveCfg = Release|Any CPU
		{E4410BCA-D295-43E7-A924-6532C235E794}.Release|Any CPU.Build.0 = Release|Any CPU
		{7BD4A5EB-E338-4838-8A19-A9984899FE10}.Debug|Any CPU.ActiveCfg = Debug|Any CPU
		{7BD4A5EB-E338-4838-8A19-A9984899FE10}.Debug|Any CPU.Build.0 = Debug|Any CPU
		{7BD4A5EB-E338-4838-8A19-A9984899FE10}.Release|Any CPU.ActiveCfg = Release|Any CPU
		{7BD4A5EB-E338-4838-8A19-A9984899FE10}.Release|Any CPU.Build.0 = Release|Any CPU
	EndGlobalSection
	GlobalSection(SolutionProperties) = preSolution
		HideSolutionNode = FALSE
	EndGlobalSection
	GlobalSection(ExtensibilityGlobals) = postSolution
		SolutionGuid = {200DA1D2-CED8-4DE3-B686-1F1D4DF80FF2}
	EndGlobalSection
EndGlobal
