
Microsoft Visual Studio Solution File, Format Version 12.00
# Visual Studio Version 16
VisualStudioVersion = 16.0.29509.3
MinimumVisualStudioVersion = 10.0.40219.1
Project("{FAE04EC0-301F-11D3-BF4B-00C04F79EFBC}") = "MVP", "MVP\MVP.csproj", "{A57A25B8-E12B-4159-88BA-514B73F74B23}"
EndProject
Project("{FAE04EC0-301F-11D3-BF4B-00C04F79EFBC}") = "MVP.Data", "Data\MVP.Data.csproj", "{F8763074-2A01-495E-A822-EA1A8B177E7F}"
EndProject
Global
	GlobalSection(SolutionConfigurationPlatforms) = preSolution
		Debug|Any CPU = Debug|Any CPU
		Release|Any CPU = Release|Any CPU
	EndGlobalSection
	GlobalSection(ProjectConfigurationPlatforms) = postSolution
		{A57A25B8-E12B-4159-88BA-514B73F74B23}.Debug|Any CPU.ActiveCfg = Debug|Any CPU
		{A57A25B8-E12B-4159-88BA-514B73F74B23}.Debug|Any CPU.Build.0 = Debug|Any CPU
		{A57A25B8-E12B-4159-88BA-514B73F74B23}.Release|Any CPU.ActiveCfg = Release|Any CPU
		{A57A25B8-E12B-4159-88BA-514B73F74B23}.Release|Any CPU.Build.0 = Release|Any CPU
		{F8763074-2A01-495E-A822-EA1A8B177E7F}.Debug|Any CPU.ActiveCfg = Debug|Any CPU
		{F8763074-2A01-495E-A822-EA1A8B177E7F}.Debug|Any CPU.Build.0 = Debug|Any CPU
		{F8763074-2A01-495E-A822-EA1A8B177E7F}.Release|Any CPU.ActiveCfg = Release|Any CPU
		{F8763074-2A01-495E-A822-EA1A8B177E7F}.Release|Any CPU.Build.0 = Release|Any CPU
	EndGlobalSection
	GlobalSection(SolutionProperties) = preSolution
		HideSolutionNode = FALSE
	EndGlobalSection
	GlobalSection(ExtensibilityGlobals) = postSolution
		SolutionGuid = {200DA1D2-CED8-4DE3-B686-1F1D4DF80FF2}
	EndGlobalSection
EndGlobal
